
Microsoft Visual Studio Solution File, Format Version 12.00
# Visual Studio 15
VisualStudioVersion = 15.0.28010.2026
MinimumVisualStudioVersion = 10.0.40219.1
Project("{FAE04EC0-301F-11D3-BF4B-00C04F79EFBC}") = "Prova1", "Prova1\Prova1.csproj", "{F1EF6093-A5B2-41C1-9435-F481BFE35206}"
EndProject
Global
	GlobalSection(SolutionConfigurationPlatforms) = preSolution
		Debug|Any CPU = Debug|Any CPU
		Release|Any CPU = Release|Any CPU
	EndGlobalSection
	GlobalSection(ProjectConfigurationPlatforms) = postSolution
		{F1EF6093-A5B2-41C1-9435-F481BFE35206}.Debug|Any CPU.ActiveCfg = Debug|Any CPU
		{F1EF6093-A5B2-41C1-9435-F481BFE35206}.Debug|Any CPU.Build.0 = Debug|Any CPU
		{F1EF6093-A5B2-41C1-9435-F481BFE35206}.Release|Any CPU.ActiveCfg = Release|Any CPU
		{F1EF6093-A5B2-41C1-9435-F481BFE35206}.Release|Any CPU.Build.0 = Release|Any CPU
	EndGlobalSection
	GlobalSection(SolutionProperties) = preSolution
		HideSolutionNode = FALSE
	EndGlobalSection
	GlobalSection(ExtensibilityGlobals) = postSolution
		SolutionGuid = {0E3BDB0C-0223-4F7A-87C0-BB065279B322}
	EndGlobalSection
EndGlobal
